
Microsoft Visual Studio Solution File, Format Version 12.00
# Visual Studio Version 17
VisualStudioVersion = 17.14.36518.9 d17.14
MinimumVisualStudioVersion = 10.0.40219.1
Project("{FAE04EC0-301F-11D3-BF4B-00C04F79EFBC}") = "BankingApp", "BankingApp\BankingApp.csproj", "{9229B0DA-68BC-4B0B-A893-22A04FBF6770}"
EndProject
Global
	GlobalSection(SolutionConfigurationPlatforms) = preSolution
		Debug|Any CPU = Debug|Any CPU
		Release|Any CPU = Release|Any CPU
	EndGlobalSection
	GlobalSection(ProjectConfigurationPlatforms) = postSolution
		{9229B0DA-68BC-4B0B-A893-22A04FBF6770}.Debug|Any CPU.ActiveCfg = Debug|Any CPU
		{9229B0DA-68BC-4B0B-A893-22A04FBF6770}.Debug|Any CPU.Build.0 = Debug|Any CPU
		{9229B0DA-68BC-4B0B-A893-22A04FBF6770}.Release|Any CPU.ActiveCfg = Release|Any CPU
		{9229B0DA-68BC-4B0B-A893-22A04FBF6770}.Release|Any CPU.Build.0 = Release|Any CPU
	EndGlobalSection
	GlobalSection(SolutionProperties) = preSolution
		HideSolutionNode = FALSE
	EndGlobalSection
	GlobalSection(ExtensibilityGlobals) = postSolution
		SolutionGuid = {39D4105F-2FEB-4972-8043-689BC2961CDF}
	EndGlobalSection
EndGlobal
